
Microsoft Visual Studio Solution File, Format Version 12.00
# Visual Studio Version 17
VisualStudioVersion = 17.5.33530.505
MinimumVisualStudioVersion = 10.0.40219.1
Project("{2150E333-8FDC-42A3-9474-1A3956D46DE8}") = "VehicleService", "VehicleService", "{0EF8D2D0-80B1-4DBE-B253-479D8D2B05C5}"
EndProject
Project("{FAE04EC0-301F-11D3-BF4B-00C04F79EFBC}") = "VehicleService.API", "VehicleService\VehicleService.API\VehicleService.API.csproj", "{FCA89A8F-0083-4CE0-9D4D-A39549925428}"
EndProject
Project("{FAE04EC0-301F-11D3-BF4B-00C04F79EFBC}") = "VehicleService.Application", "VehicleService\VehicleService.Application\VehicleService.Application.csproj", "{803E4F02-2C6D-4CEA-864F-F39382068289}"
EndProject
Project("{FAE04EC0-301F-11D3-BF4B-00C04F79EFBC}") = "VehicleService.Domain", "VehicleService\VehicleService.Domain\VehicleService.Domain.csproj", "{BFAC4AA4-A2CF-49C1-9089-900C0DA1C6C2}"
EndProject
Project("{FAE04EC0-301F-11D3-BF4B-00C04F79EFBC}") = "VehicleService.Infrastructure", "VehicleService\VehicleService.Infrastructure\VehicleService.Infrastructure.csproj", "{13604FAE-F54D-44A9-AC91-0096C0865562}"
EndProject
Project("{2150E333-8FDC-42A3-9474-1A3956D46DE8}") = "BookingService", "BookingService", "{24870998-7517-4602-BCB3-2586FEC1DF9B}"
EndProject
Project("{FAE04EC0-301F-11D3-BF4B-00C04F79EFBC}") = "BookingService.API", "BookingService\BookingService.API\BookingService.API.csproj", "{60796104-7E53-4D7D-82FB-75D8EFD7A005}"
EndProject
Project("{FAE04EC0-301F-11D3-BF4B-00C04F79EFBC}") = "BookingService.Application", "BookingService\BookingService.Application\BookingService.Application.csproj", "{A825EB5E-4DBF-4BE7-B3C8-EA637BF78CE0}"
EndProject
Project("{FAE04EC0-301F-11D3-BF4B-00C04F79EFBC}") = "BookingService.Domain", "BookingService\BookingService.Domain\BookingService.Domain.csproj", "{CE58B4A2-7F17-4060-B647-16B2C73F613F}"
EndProject
Project("{FAE04EC0-301F-11D3-BF4B-00C04F79EFBC}") = "BookingService.Infrastructure", "BookingService\BookingService.Infrastructure\BookingService.Infrastructure.csproj", "{923E72D0-4EEC-4E2A-8AB3-5312AEC12579}"
EndProject
Project("{FAE04EC0-301F-11D3-BF4B-00C04F79EFBC}") = "Worker", "Worker\Worker.csproj", "{9019CE1E-C211-415B-A325-AB95FB7D93AF}"
EndProject
Global
	GlobalSection(SolutionProperties) = preSolution
		HideSolutionNode = FALSE
	EndGlobalSection
	GlobalSection(ExtensibilityGlobals) = postSolution
		SolutionGuid = {7BCAF23D-7C7B-4BFD-96E1-34D66A85FE6F}
	EndGlobalSection
	GlobalSection(SolutionConfigurationPlatforms) = preSolution
		Debug|Any CPU = Debug|Any CPU
		Debug|x64 = Debug|x64
		Debug|x86 = Debug|x86
		Release|Any CPU = Release|Any CPU
		Release|x64 = Release|x64
		Release|x86 = Release|x86
	EndGlobalSection
	GlobalSection(ProjectConfigurationPlatforms) = postSolution
		{FCA89A8F-0083-4CE0-9D4D-A39549925428}.Debug|Any CPU.ActiveCfg = Debug|Any CPU
		{FCA89A8F-0083-4CE0-9D4D-A39549925428}.Debug|Any CPU.Build.0 = Debug|Any CPU
		{FCA89A8F-0083-4CE0-9D4D-A39549925428}.Debug|x64.ActiveCfg = Debug|Any CPU
		{FCA89A8F-0083-4CE0-9D4D-A39549925428}.Debug|x64.Build.0 = Debug|Any CPU
		{FCA89A8F-0083-4CE0-9D4D-A39549925428}.Debug|x86.ActiveCfg = Debug|Any CPU
		{FCA89A8F-0083-4CE0-9D4D-A39549925428}.Debug|x86.Build.0 = Debug|Any CPU
		{FCA89A8F-0083-4CE0-9D4D-A39549925428}.Release|Any CPU.ActiveCfg = Release|Any CPU
		{FCA89A8F-0083-4CE0-9D4D-A39549925428}.Release|Any CPU.Build.0 = Release|Any CPU
		{FCA89A8F-0083-4CE0-9D4D-A39549925428}.Release|x64.ActiveCfg = Release|Any CPU
		{FCA89A8F-0083-4CE0-9D4D-A39549925428}.Release|x64.Build.0 = Release|Any CPU
		{FCA89A8F-0083-4CE0-9D4D-A39549925428}.Release|x86.ActiveCfg = Release|Any CPU
		{FCA89A8F-0083-4CE0-9D4D-A39549925428}.Release|x86.Build.0 = Release|Any CPU
		{803E4F02-2C6D-4CEA-864F-F39382068289}.Debug|Any CPU.ActiveCfg = Debug|Any CPU
		{803E4F02-2C6D-4CEA-864F-F39382068289}.Debug|Any CPU.Build.0 = Debug|Any CPU
		{803E4F02-2C6D-4CEA-864F-F39382068289}.Debug|x64.ActiveCfg = Debug|Any CPU
		{803E4F02-2C6D-4CEA-864F-F39382068289}.Debug|x64.Build.0 = Debug|Any CPU
		{803E4F02-2C6D-4CEA-864F-F39382068289}.Debug|x86.ActiveCfg = Debug|Any CPU
		{803E4F02-2C6D-4CEA-864F-F39382068289}.Debug|x86.Build.0 = Debug|Any CPU
		{803E4F02-2C6D-4CEA-864F-F39382068289}.Release|Any CPU.ActiveCfg = Release|Any CPU
		{803E4F02-2C6D-4CEA-864F-F39382068289}.Release|Any CPU.Build.0 = Release|Any CPU
		{803E4F02-2C6D-4CEA-864F-F39382068289}.Release|x64.ActiveCfg = Release|Any CPU
		{803E4F02-2C6D-4CEA-864F-F39382068289}.Release|x64.Build.0 = Release|Any CPU
		{803E4F02-2C6D-4CEA-864F-F39382068289}.Release|x86.ActiveCfg = Release|Any CPU
		{803E4F02-2C6D-4CEA-864F-F39382068289}.Release|x86.Build.0 = Release|Any CPU
		{BFAC4AA4-A2CF-49C1-9089-900C0DA1C6C2}.Debug|Any CPU.ActiveCfg = Debug|Any CPU
		{BFAC4AA4-A2CF-49C1-9089-900C0DA1C6C2}.Debug|Any CPU.Build.0 = Debug|Any CPU
		{BFAC4AA4-A2CF-49C1-9089-900C0DA1C6C2}.Debug|x64.ActiveCfg = Debug|Any CPU
		{BFAC4AA4-A2CF-49C1-9089-900C0DA1C6C2}.Debug|x64.Build.0 = Debug|Any CPU
		{BFAC4AA4-A2CF-49C1-9089-900C0DA1C6C2}.Debug|x86.ActiveCfg = Debug|Any CPU
		{BFAC4AA4-A2CF-49C1-9089-900C0DA1C6C2}.Debug|x86.Build.0 = Debug|Any CPU
		{BFAC4AA4-A2CF-49C1-9089-900C0DA1C6C2}.Release|Any CPU.ActiveCfg = Release|Any CPU
		{BFAC4AA4-A2CF-49C1-9089-900C0DA1C6C2}.Release|Any CPU.Build.0 = Release|Any CPU
		{BFAC4AA4-A2CF-49C1-9089-900C0DA1C6C2}.Release|x64.ActiveCfg = Release|Any CPU
		{BFAC4AA4-A2CF-49C1-9089-900C0DA1C6C2}.Release|x64.Build.0 = Release|Any CPU
		{BFAC4AA4-A2CF-49C1-9089-900C0DA1C6C2}.Release|x86.ActiveCfg = Release|Any CPU
		{BFAC4AA4-A2CF-49C1-9089-900C0DA1C6C2}.Release|x86.Build.0 = Release|Any CPU
		{13604FAE-F54D-44A9-AC91-0096C0865562}.Debug|Any CPU.ActiveCfg = Debug|Any CPU
		{13604FAE-F54D-44A9-AC91-0096C0865562}.Debug|Any CPU.Build.0 = Debug|Any CPU
		{13604FAE-F54D-44A9-AC91-0096C0865562}.Debug|x64.ActiveCfg = Debug|Any CPU
		{13604FAE-F54D-44A9-AC91-0096C0865562}.Debug|x64.Build.0 = Debug|Any CPU
		{13604FAE-F54D-44A9-AC91-0096C0865562}.Debug|x86.ActiveCfg = Debug|Any CPU
		{13604FAE-F54D-44A9-AC91-0096C0865562}.Debug|x86.Build.0 = Debug|Any CPU
		{13604FAE-F54D-44A9-AC91-0096C0865562}.Release|Any CPU.ActiveCfg = Release|Any CPU
		{13604FAE-F54D-44A9-AC91-0096C0865562}.Release|Any CPU.Build.0 = Release|Any CPU
		{13604FAE-F54D-44A9-AC91-0096C0865562}.Release|x64.ActiveCfg = Release|Any CPU
		{13604FAE-F54D-44A9-AC91-0096C0865562}.Release|x64.Build.0 = Release|Any CPU
		{13604FAE-F54D-44A9-AC91-0096C0865562}.Release|x86.ActiveCfg = Release|Any CPU
		{13604FAE-F54D-44A9-AC91-0096C0865562}.Release|x86.Build.0 = Release|Any CPU
		{60796104-7E53-4D7D-82FB-75D8EFD7A005}.Debug|Any CPU.ActiveCfg = Debug|Any CPU
		{60796104-7E53-4D7D-82FB-75D8EFD7A005}.Debug|Any CPU.Build.0 = Debug|Any CPU
		{60796104-7E53-4D7D-82FB-75D8EFD7A005}.Debug|x64.ActiveCfg = Debug|Any CPU
		{60796104-7E53-4D7D-82FB-75D8EFD7A005}.Debug|x64.Build.0 = Debug|Any CPU
		{60796104-7E53-4D7D-82FB-75D8EFD7A005}.Debug|x86.ActiveCfg = Debug|Any CPU
		{60796104-7E53-4D7D-82FB-75D8EFD7A005}.Debug|x86.Build.0 = Debug|Any CPU
		{60796104-7E53-4D7D-82FB-75D8EFD7A005}.Release|Any CPU.ActiveCfg = Release|Any CPU
		{60796104-7E53-4D7D-82FB-75D8EFD7A005}.Release|Any CPU.Build.0 = Release|Any CPU
		{60796104-7E53-4D7D-82FB-75D8EFD7A005}.Release|x64.ActiveCfg = Release|Any CPU
		{60796104-7E53-4D7D-82FB-75D8EFD7A005}.Release|x64.Build.0 = Release|Any CPU
		{60796104-7E53-4D7D-82FB-75D8EFD7A005}.Release|x86.ActiveCfg = Release|Any CPU
		{60796104-7E53-4D7D-82FB-75D8EFD7A005}.Release|x86.Build.0 = Release|Any CPU
		{A825EB5E-4DBF-4BE7-B3C8-EA637BF78CE0}.Debug|Any CPU.ActiveCfg = Debug|Any CPU
		{A825EB5E-4DBF-4BE7-B3C8-EA637BF78CE0}.Debug|Any CPU.Build.0 = Debug|Any CPU
		{A825EB5E-4DBF-4BE7-B3C8-EA637BF78CE0}.Debug|x64.ActiveCfg = Debug|Any CPU
		{A825EB5E-4DBF-4BE7-B3C8-EA637BF78CE0}.Debug|x64.Build.0 = Debug|Any CPU
		{A825EB5E-4DBF-4BE7-B3C8-EA637BF78CE0}.Debug|x86.ActiveCfg = Debug|Any CPU
		{A825EB5E-4DBF-4BE7-B3C8-EA637BF78CE0}.Debug|x86.Build.0 = Debug|Any CPU
		{A825EB5E-4DBF-4BE7-B3C8-EA637BF78CE0}.Release|Any CPU.ActiveCfg = Release|Any CPU
		{A825EB5E-4DBF-4BE7-B3C8-EA637BF78CE0}.Release|Any CPU.Build.0 = Release|Any CPU
		{A825EB5E-4DBF-4BE7-B3C8-EA637BF78CE0}.Release|x64.ActiveCfg = Release|Any CPU
		{A825EB5E-4DBF-4BE7-B3C8-EA637BF78CE0}.Release|x64.Build.0 = Release|Any CPU
		{A825EB5E-4DBF-4BE7-B3C8-EA637BF78CE0}.Release|x86.ActiveCfg = Release|Any CPU
		{A825EB5E-4DBF-4BE7-B3C8-EA637BF78CE0}.Release|x86.Build.0 = Release|Any CPU
		{CE58B4A2-7F17-4060-B647-16B2C73F613F}.Debug|Any CPU.ActiveCfg = Debug|Any CPU
		{CE58B4A2-7F17-4060-B647-16B2C73F613F}.Debug|Any CPU.Build.0 = Debug|Any CPU
		{CE58B4A2-7F17-4060-B647-16B2C73F613F}.Debug|x64.ActiveCfg = Debug|Any CPU
		{CE58B4A2-7F17-4060-B647-16B2C73F613F}.Debug|x64.Build.0 = Debug|Any CPU
		{CE58B4A2-7F17-4060-B647-16B2C73F613F}.Debug|x86.ActiveCfg = Debug|Any CPU
		{CE58B4A2-7F17-4060-B647-16B2C73F613F}.Debug|x86.Build.0 = Debug|Any CPU
		{CE58B4A2-7F17-4060-B647-16B2C73F613F}.Release|Any CPU.ActiveCfg = Release|Any CPU
		{CE58B4A2-7F17-4060-B647-16B2C73F613F}.Release|Any CPU.Build.0 = Release|Any CPU
		{CE58B4A2-7F17-4060-B647-16B2C73F613F}.Release|x64.ActiveCfg = Release|Any CPU
		{CE58B4A2-7F17-4060-B647-16B2C73F613F}.Release|x64.Build.0 = Release|Any CPU
		{CE58B4A2-7F17-4060-B647-16B2C73F613F}.Release|x86.ActiveCfg = Release|Any CPU
		{CE58B4A2-7F17-4060-B647-16B2C73F613F}.Release|x86.Build.0 = Release|Any CPU
		{923E72D0-4EEC-4E2A-8AB3-5312AEC12579}.Debug|Any CPU.ActiveCfg = Debug|Any CPU
		{923E72D0-4EEC-4E2A-8AB3-5312AEC12579}.Debug|Any CPU.Build.0 = Debug|Any CPU
		{923E72D0-4EEC-4E2A-8AB3-5312AEC12579}.Debug|x64.ActiveCfg = Debug|Any CPU
		{923E72D0-4EEC-4E2A-8AB3-5312AEC12579}.Debug|x64.Build.0 = Debug|Any CPU
		{923E72D0-4EEC-4E2A-8AB3-5312AEC12579}.Debug|x86.ActiveCfg = Debug|Any CPU
		{923E72D0-4EEC-4E2A-8AB3-5312AEC12579}.Debug|x86.Build.0 = Debug|Any CPU
		{923E72D0-4EEC-4E2A-8AB3-5312AEC12579}.Release|Any CPU.ActiveCfg = Release|Any CPU
		{923E72D0-4EEC-4E2A-8AB3-5312AEC12579}.Release|Any CPU.Build.0 = Release|Any CPU
		{923E72D0-4EEC-4E2A-8AB3-5312AEC12579}.Release|x64.ActiveCfg = Release|Any CPU
		{923E72D0-4EEC-4E2A-8AB3-5312AEC12579}.Release|x64.Build.0 = Release|Any CPU
		{923E72D0-4EEC-4E2A-8AB3-5312AEC12579}.Release|x86.ActiveCfg = Release|Any CPU
		{923E72D0-4EEC-4E2A-8AB3-5312AEC12579}.Release|x86.Build.0 = Release|Any CPU
		{9019CE1E-C211-415B-A325-AB95FB7D93AF}.Debug|Any CPU.ActiveCfg = Debug|Any CPU
		{9019CE1E-C211-415B-A325-AB95FB7D93AF}.Debug|Any CPU.Build.0 = Debug|Any CPU
		{9019CE1E-C211-415B-A325-AB95FB7D93AF}.Debug|x64.ActiveCfg = Debug|Any CPU
		{9019CE1E-C211-415B-A325-AB95FB7D93AF}.Debug|x64.Build.0 = Debug|Any CPU
		{9019CE1E-C211-415B-A325-AB95FB7D93AF}.Debug|x86.ActiveCfg = Debug|Any CPU
		{9019CE1E-C211-415B-A325-AB95FB7D93AF}.Debug|x86.Build.0 = Debug|Any CPU
		{9019CE1E-C211-415B-A325-AB95FB7D93AF}.Release|Any CPU.ActiveCfg = Release|Any CPU
		{9019CE1E-C211-415B-A325-AB95FB7D93AF}.Release|Any CPU.Build.0 = Release|Any CPU
		{9019CE1E-C211-415B-A325-AB95FB7D93AF}.Release|x64.ActiveCfg = Release|Any CPU
		{9019CE1E-C211-415B-A325-AB95FB7D93AF}.Release|x64.Build.0 = Release|Any CPU
		{9019CE1E-C211-415B-A325-AB95FB7D93AF}.Release|x86.ActiveCfg = Release|Any CPU
		{9019CE1E-C211-415B-A325-AB95FB7D93AF}.Release|x86.Build.0 = Release|Any CPU
	EndGlobalSection
	GlobalSection(NestedProjects) = preSolution
		{FCA89A8F-0083-4CE0-9D4D-A39549925428} = {0EF8D2D0-80B1-4DBE-B253-479D8D2B05C5}
		{803E4F02-2C6D-4CEA-864F-F39382068289} = {0EF8D2D0-80B1-4DBE-B253-479D8D2B05C5}
		{BFAC4AA4-A2CF-49C1-9089-900C0DA1C6C2} = {0EF8D2D0-80B1-4DBE-B253-479D8D2B05C5}
		{13604FAE-F54D-44A9-AC91-0096C0865562} = {0EF8D2D0-80B1-4DBE-B253-479D8D2B05C5}
		{60796104-7E53-4D7D-82FB-75D8EFD7A005} = {24870998-7517-4602-BCB3-2586FEC1DF9B}
		{A825EB5E-4DBF-4BE7-B3C8-EA637BF78CE0} = {24870998-7517-4602-BCB3-2586FEC1DF9B}
		{CE58B4A2-7F17-4060-B647-16B2C73F613F} = {24870998-7517-4602-BCB3-2586FEC1DF9B}
		{923E72D0-4EEC-4E2A-8AB3-5312AEC12579} = {24870998-7517-4602-BCB3-2586FEC1DF9B}
	EndGlobalSection
EndGlobal
